Microsoft Visual Studio Solution File, Format Version 8.00
Project("{F184B08F-C81C-45F6-A57F-5ABD9991F28F}") = "ProFoGA", "ProFoGA\ProFoGA.vbproj", "{A280FE64-AE03-466E-9029-2CA0E36E322F}"
	ProjectSection(ProjectDependencies) = postProject
	EndProjectSection
EndProject
Project("{F184B08F-C81C-45F6-A57F-5ABD9991F28F}") = "DisplayDXDemo", "DisplayDXDemo\DisplayDXDemo.vbproj", "{B476F8CC-459B-4D61-A3AD-A8EB54D021B1}"
	ProjectSection(ProjectDependencies) = postProject
	EndProjectSection
EndProject
Project("{F184B08F-C81C-45F6-A57F-5ABD9991F28F}") = "DirectX9Application1", "DirectX9Application1\DirectX9Application1.vbproj", "{EF864AEE-4640-4FE3-87BA-567EA5F83A68}"
	ProjectSection(ProjectDependencies) = postProject
	EndProjectSection
EndProject
Project("{F184B08F-C81C-45F6-A57F-5ABD9991F28F}") = "Tester", "Tester\Tester.vbproj", "{74AE9C56-6065-4BC0-8276-F8E9D2380CB7}"
	ProjectSection(ProjectDependencies) = postProject
	EndProjectSection
EndProject
Global
	GlobalSection(SourceCodeControl) = preSolution
		SccNumberOfProjects = 5
		SccLocalPath0 = .
		CanCheckoutShared = false
		SolutionUniqueID = {49C48AB7-2106-4F5F-86C8-6B6F2E047C7B}
		SccProjectUniqueName1 = ProFoGA\\ProFoGA.vbproj
		SccLocalPath1 = .
		CanCheckoutShared = false
		SccProjectFilePathRelativizedFromConnection1 = ProFoGA\\
		SccProjectUniqueName2 = DisplayDXDemo\\DisplayDXDemo.vbproj
		SccLocalPath2 = .
		CanCheckoutShared = false
		SccProjectFilePathRelativizedFromConnection2 = DisplayDXDemo\\
		SccProjectUniqueName3 = DirectX9Application1\\DirectX9Application1.vbproj
		SccLocalPath3 = .
		CanCheckoutShared = false
		SccProjectFilePathRelativizedFromConnection3 = DirectX9Application1\\
		SccProjectUniqueName4 = Tester\\Tester.vbproj
		SccLocalPath4 = .
		CanCheckoutShared = false
		SccProjectFilePathRelativizedFromConnection4 = Tester\\
	EndGlobalSection
	GlobalSection(SolutionConfiguration) = preSolution
		Debug = Debug
		Release = Release
	EndGlobalSection
	GlobalSection(ProjectConfiguration) = postSolution
		{A280FE64-AE03-466E-9029-2CA0E36E322F}.Debug.ActiveCfg = Debug|.NET
		{A280FE64-AE03-466E-9029-2CA0E36E322F}.Debug.Build.0 = Debug|.NET
		{A280FE64-AE03-466E-9029-2CA0E36E322F}.Release.ActiveCfg = Release|.NET
		{A280FE64-AE03-466E-9029-2CA0E36E322F}.Release.Build.0 = Release|.NET
		{B476F8CC-459B-4D61-A3AD-A8EB54D021B1}.Debug.ActiveCfg = Debug|.NET
		{B476F8CC-459B-4D61-A3AD-A8EB54D021B1}.Debug.Build.0 = Debug|.NET
		{B476F8CC-459B-4D61-A3AD-A8EB54D021B1}.Release.ActiveCfg = Release|.NET
		{B476F8CC-459B-4D61-A3AD-A8EB54D021B1}.Release.Build.0 = Release|.NET
		{EF864AEE-4640-4FE3-87BA-567EA5F83A68}.Debug.ActiveCfg = Debug|.NET
		{EF864AEE-4640-4FE3-87BA-567EA5F83A68}.Debug.Build.0 = Debug|.NET
		{EF864AEE-4640-4FE3-87BA-567EA5F83A68}.Release.ActiveCfg = Release|.NET
		{EF864AEE-4640-4FE3-87BA-567EA5F83A68}.Release.Build.0 = Release|.NET
		{74AE9C56-6065-4BC0-8276-F8E9D2380CB7}.Debug.ActiveCfg = Debug|.NET
		{74AE9C56-6065-4BC0-8276-F8E9D2380CB7}.Debug.Build.0 = Debug|.NET
		{74AE9C56-6065-4BC0-8276-F8E9D2380CB7}.Release.ActiveCfg = Release|.NET
		{74AE9C56-6065-4BC0-8276-F8E9D2380CB7}.Release.Build.0 = Release|.NET
	EndGlobalSection
	GlobalSection(SolutionItems) = postSolution
		atom.x = atom.x
		bond.x = bond.x
	EndGlobalSection
	GlobalSection(ExtensibilityGlobals) = postSolution
	EndGlobalSection
	GlobalSection(ExtensibilityAddIns) = postSolution
	EndGlobalSection
EndGlobal
